
Microsoft Visual Studio Solution File, Format Version 12.00
# Visual Studio 15
VisualStudioVersion = 15.0.28307.572
MinimumVisualStudioVersion = 10.0.40219.1
Project("{FAE04EC0-301F-11D3-BF4B-00C04F79EFBC}") = "RabitMQProject", "RabitMQProject\RabitMQProject.csproj", "{029DAE61-D4ED-4824-829B-FA77102A1872}"
EndProject
Project("{FAE04EC0-301F-11D3-BF4B-00C04F79EFBC}") = "RabitMQRecevied", "RabitMQRecevied\RabitMQRecevied.csproj", "{DDDEE435-6283-4F8E-88E3-DEC20D88A715}"
EndProject
Global
	GlobalSection(SolutionConfigurationPlatforms) = preSolution
		Debug|Any CPU = Debug|Any CPU
		Release|Any CPU = Release|Any CPU
	EndGlobalSection
	GlobalSection(ProjectConfigurationPlatforms) = postSolution
		{029DAE61-D4ED-4824-829B-FA77102A1872}.Debug|Any CPU.ActiveCfg = Debug|Any CPU
		{029DAE61-D4ED-4824-829B-FA77102A1872}.Debug|Any CPU.Build.0 = Debug|Any CPU
		{029DAE61-D4ED-4824-829B-FA77102A1872}.Release|Any CPU.ActiveCfg = Release|Any CPU
		{029DAE61-D4ED-4824-829B-FA77102A1872}.Release|Any CPU.Build.0 = Release|Any CPU
		{DDDEE435-6283-4F8E-88E3-DEC20D88A715}.Debug|Any CPU.ActiveCfg = Debug|Any CPU
		{DDDEE435-6283-4F8E-88E3-DEC20D88A715}.Debug|Any CPU.Build.0 = Debug|Any CPU
		{DDDEE435-6283-4F8E-88E3-DEC20D88A715}.Release|Any CPU.ActiveCfg = Release|Any CPU
		{DDDEE435-6283-4F8E-88E3-DEC20D88A715}.Release|Any CPU.Build.0 = Release|Any CPU
	EndGlobalSection
	GlobalSection(SolutionProperties) = preSolution
		HideSolutionNode = FALSE
	EndGlobalSection
	GlobalSection(ExtensibilityGlobals) = postSolution
		SolutionGuid = {F3DBAC0D-2941-420C-8F47-8F1DFA2C9BE9}
	EndGlobalSection
EndGlobal
